
Microsoft Visual Studio Solution File, Format Version 12.00
# Visual Studio Version 17
VisualStudioVersion = 17.5.33414.496
MinimumVisualStudioVersion = 10.0.40219.1
Project("{9A19103F-16F7-4668-BE54-9A1E7A4F7556}") = "TheCardEditor.Main", "TheCardEditor.Main\TheCardEditor.Main.csproj", "{3BE571DD-7705-4B8D-BA17-74324EA96189}"
EndProject
Project("{FAE04EC0-301F-11D3-BF4B-00C04F79EFBC}") = "TheCardEditor.DataModel", "TheCardEditor.DataModel\TheCardEditor.DataModel.csproj", "{C00B4538-2349-4110-B388-CFCE0B424289}"
EndProject
Global
	GlobalSection(SolutionConfigurationPlatforms) = preSolution
		Debug|Any CPU = Debug|Any CPU
		Release|Any CPU = Release|Any CPU
	EndGlobalSection
	GlobalSection(ProjectConfigurationPlatforms) = postSolution
		{3BE571DD-7705-4B8D-BA17-74324EA96189}.Debug|Any CPU.ActiveCfg = Debug|Any CPU
		{3BE571DD-7705-4B8D-BA17-74324EA96189}.Debug|Any CPU.Build.0 = Debug|Any CPU
		{3BE571DD-7705-4B8D-BA17-74324EA96189}.Release|Any CPU.ActiveCfg = Release|Any CPU
		{3BE571DD-7705-4B8D-BA17-74324EA96189}.Release|Any CPU.Build.0 = Release|Any CPU
		{C00B4538-2349-4110-B388-CFCE0B424289}.Debug|Any CPU.ActiveCfg = Debug|Any CPU
		{C00B4538-2349-4110-B388-CFCE0B424289}.Debug|Any CPU.Build.0 = Debug|Any CPU
		{C00B4538-2349-4110-B388-CFCE0B424289}.Release|Any CPU.ActiveCfg = Release|Any CPU
		{C00B4538-2349-4110-B388-CFCE0B424289}.Release|Any CPU.Build.0 = Release|Any CPU
	EndGlobalSection
	GlobalSection(SolutionProperties) = preSolution
		HideSolutionNode = FALSE
	EndGlobalSection
	GlobalSection(ExtensibilityGlobals) = postSolution
		SolutionGuid = {5B950D30-783D-41E9-9455-12FA67C1554A}
	EndGlobalSection
EndGlobal
